
Microsoft Visual Studio Solution File, Format Version 12.00
# Visual Studio Version 17
VisualStudioVersion = 17.9.34728.123
MinimumVisualStudioVersion = 10.0.40219.1
Project("{FAE04EC0-301F-11D3-BF4B-00C04F79EFBC}") = "Quiz-platform-User.MVC", "Quiz-platform-User\Quiz-platform-User.MVC.csproj", "{68EBC77B-644A-49D7-8819-55A95C1702FE}"
EndProject
Project("{FAE04EC0-301F-11D3-BF4B-00C04F79EFBC}") = "Quiz-platform-User.DAL", "Quiz-platform-User.DAL\Quiz-platform-User.DAL.csproj", "{5A3C2E82-0867-443A-BDA0-6352CB275D0C}"
EndProject
Project("{FAE04EC0-301F-11D3-BF4B-00C04F79EFBC}") = "Quiz-platform-User.BL", "Quiz-platform-User.BL\Quiz-platform-User.BL.csproj", "{706B4D6C-35A7-4294-B852-6A8F18FA760D}"
EndProject
Global
	GlobalSection(SolutionConfigurationPlatforms) = preSolution
		Debug|Any CPU = Debug|Any CPU
		Release|Any CPU = Release|Any CPU
	EndGlobalSection
	GlobalSection(ProjectConfigurationPlatforms) = postSolution
		{68EBC77B-644A-49D7-8819-55A95C1702FE}.Debug|Any CPU.ActiveCfg = Debug|Any CPU
		{68EBC77B-644A-49D7-8819-55A95C1702FE}.Debug|Any CPU.Build.0 = Debug|Any CPU
		{68EBC77B-644A-49D7-8819-55A95C1702FE}.Release|Any CPU.ActiveCfg = Release|Any CPU
		{68EBC77B-644A-49D7-8819-55A95C1702FE}.Release|Any CPU.Build.0 = Release|Any CPU
		{5A3C2E82-0867-443A-BDA0-6352CB275D0C}.Debug|Any CPU.ActiveCfg = Debug|Any CPU
		{5A3C2E82-0867-443A-BDA0-6352CB275D0C}.Debug|Any CPU.Build.0 = Debug|Any CPU
		{5A3C2E82-0867-443A-BDA0-6352CB275D0C}.Release|Any CPU.ActiveCfg = Release|Any CPU
		{5A3C2E82-0867-443A-BDA0-6352CB275D0C}.Release|Any CPU.Build.0 = Release|Any CPU
		{706B4D6C-35A7-4294-B852-6A8F18FA760D}.Debug|Any CPU.ActiveCfg = Debug|Any CPU
		{706B4D6C-35A7-4294-B852-6A8F18FA760D}.Debug|Any CPU.Build.0 = Debug|Any CPU
		{706B4D6C-35A7-4294-B852-6A8F18FA760D}.Release|Any CPU.ActiveCfg = Release|Any CPU
		{706B4D6C-35A7-4294-B852-6A8F18FA760D}.Release|Any CPU.Build.0 = Release|Any CPU
	EndGlobalSection
	GlobalSection(SolutionProperties) = preSolution
		HideSolutionNode = FALSE
	EndGlobalSection
	GlobalSection(ExtensibilityGlobals) = postSolution
		SolutionGuid = {D591D3BE-0183-4CC9-B1CB-1012B8CBF67E}
	EndGlobalSection
EndGlobal
